{
  "name": "nodejs",
  "version": "1.0.0",
  "lockfileVersion": 2,
  "requires": true,
  "packages": {
    "": {
      "name": "nodejs",
      "version": "1.0.0",
      "license": "ISC",
      "dependencies": {
        "jeffpackage-xyz": "^1.1.1"
      }
    },
    "node_modules/jeffpackage-xyz": {
      "version": "1.1.1",
      "resolved": "https://registry.npmjs.org/jeffpackage-xyz/-/jeffpackage-xyz-1.1.1.tgz",
      "integrity": "sha512-yXeqcD0WDEacvc14NX9yUknuxZ3/GxcIQ8cd67GXIILTm556tZ+2/rsA0TgQ6BnELakTux6x42m9sQ6pLKbJsQ=="
    }
  },
  "dependencies": {
    "jeffpackage-xyz": {
      "version": "1.1.1",
      "resolved": "https://registry.npmjs.org/jeffpackage-xyz/-/jeffpackage-xyz-1.1.1.tgz",
      "integrity": "sha512-yXeqcD0WDEacvc14NX9yUknuxZ3/GxcIQ8cd67GXIILTm556tZ+2/rsA0TgQ6BnELakTux6x42m9sQ6pLKbJsQ=="
    }
  }
}
